{
  "name": "trie-search",
  "version": "1.2.11",
  "lockfileVersion": 1,
  "requires": true,
  "dependencies": {
    "hasharray": {
      "version": "1.1.1",
      "resolved": "https://registry.npmjs.org/hasharray/-/hasharray-1.1.1.tgz",
      "integrity": "sha512-L+WTUz5XcfQyh3652tOEDLL5ZG6MAS+iYqM2K0N9H/z7RpW0rjlFkXLRdqbwqrGCr9korJzyfDD7i7mtwo42wg==",
      "requires": {
        "jclass": "1.2.1"
      }
    },
    "jclass": {
      "version": "1.2.1",
      "resolved": "https://registry.npmjs.org/jclass/-/jclass-1.2.1.tgz",
      "integrity": "sha1-6q/uwN1qW/iz6kPATgEMY3Y4dos="
    }
  }
}
